// !$*UTF8*$!
{
	archiveVersion = 1;
	classes = {
	};
	objectVersion = 46;
	objects = {

/* Begin PBXBuildFile section */
		CCF0B6791CB4E7A5008B30E9 /* main.m in Sources */ = {isa = PBXBuildFile; fileRef = CCF0B6781CB4E7A5008B30E9 /* main.m */; };
		CCF0B6811CB4E88A008B30E9 /* Car.m in Sources */ = {isa = PBXBuildFile; fileRef = CCF0B6801CB4E88A008B30E9 /* Car.m */; };
		CCF0B6841CB4E891008B30E9 /* Tire.m in Sources */ = {isa = PBXBuildFile; fileRef = CCF0B6831CB4E891008B30E9 /* Tire.m */; };
/* End PBXBuildFile section */

/* Begin PBXCopyFilesBuildPhase section */
		CCF0B6731CB4E7A5008B30E9 /* CopyFiles */ = {
			isa = PBXCopyFilesBuildPhase;
			buildActionMask = 2147483647;
			dstPath = /usr/share/man/man1/;
			dstSubfolderSpec = 0;
			files = (
			);
			runOnlyForDeploymentPostprocessing = 1;
		};
/* End PBXCopyFilesBuildPhase section */

/* Begin PBXFileReference section */
		CCF0B6751CB4E7A5008B30E9 /* OC-内存管理（对象所有权） */ = {isa = PBXFileReference; explicitFileType = "compiled.mach-o.executable"; includeInIndex = 0; path = "OC-内存管理（对象所有权）"; sourceTree = BUILT_PRODUCTS_DIR; };
		CCF0B6781CB4E7A5008B30E9 /* main.m */ = {isa = PBXFileReference; lastKnownFileType = sourcecode.c.objc; path = main.m; sourceTree = "<group>"; };
		CCF0B67F1CB4E88A008B30E9 /* Car.h */ = {isa = PBXFileReference; fileEncoding = 4; lastKnownFileType = sourcecode.c.h; path = Car.h; sourceTree = "<group>"; };
		CCF0B6801CB4E88A008B30E9 /* Car.m */ = {isa = PBXFileReference; fileEncoding = 4; lastKnownFileType = sourcecode.c.objc; path = Car.m; sourceTree = "<group>"; };
		CCF0B6821CB4E891008B30E9 /* Tire.h */ = {isa = PBXFileReference; fileEncoding = 4; lastKnownFileType = sourcecode.c.h; path = Tire.h; sourceTree = "<group>"; };
		CCF0B6831CB4E891008B30E9 /* Tire.m */ = {isa = PBXFileReference; fileEncoding = 4; lastKnownFileType = sourcecode.c.objc; path = Tire.m; sourceTree = "<group>"; };
/* End PBXFileReference section */

/* Begin PBXFrameworksBuildPhase section */
		CCF0B6721CB4E7A5008B30E9 /* Frameworks */ = {
			isa = PBXFrameworksBuildPhase;
			buildActionMask = 2147483647;
			files = (
			);
			runOnlyForDeploymentPostprocessing = 0;
		};
/* End PBXFrameworksBuildPhase section */

/* Begin PBXGroup section */
		CCF0B66C1CB4E7A5008B30E9 = {
			isa = PBXGroup;
			children = (
				CCF0B6771CB4E7A5008B30E9 /* OC-内存管理（对象所有权） */,
				CCF0B6761CB4E7A5008B30E9 /* Products */,
			);
			sourceTree = "<group>";
		};
		CCF0B6761CB4E7A5008B30E9 /* Products */ = {
			isa = PBXGroup;
			children = (
				CCF0B6751CB4E7A5008B30E9 /* OC-内存管理（对象所有权） */,
			);
			name = Products;
			sourceTree = "<group>";
		};
		CCF0B6771CB4E7A5008B30E9 /* OC-内存管理（对象所有权） */ = {
			isa = PBXGroup;
			children = (
				CCF0B6781CB4E7A5008B30E9 /* main.m */,
				CCF0B67F1CB4E88A008B30E9 /* Car.h */,
				CCF0B6801CB4E88A008B30E9 /* Car.m */,
				CCF0B6821CB4E891008B30E9 /* Tire.h */,
				CCF0B6831CB4E891008B30E9 /* Tire.m */,
			);
			path = "OC-内存管理（对象所有权）";
			sourceTree = "<group>";
		};
/* End PBXGroup section */

/* Begin PBXNativeTarget section */
		CCF0B6741CB4E7A5008B30E9 /* OC-内存管理（对象所有权） */ = {
			isa = PBXNativeTarget;
			buildConfigurationList = CCF0B67C1CB4E7A5008B30E9 /* Build configuration list for PBXNativeTarget "OC-内存管理（对象所有权）" */;
			buildPhases = (
				CCF0B6711CB4E7A5008B30E9 /* Sources */,
				CCF0B6721CB4E7A5008B30E9 /* Frameworks */,
				CCF0B6731CB4E7A5008B30E9 /* CopyFiles */,
			);
			buildRules = (
			);
			dependencies = (
			);
			name = "OC-内存管理（对象所有权）";
			productName = "OC-内存管理（对象所有权）";
			productReference = CCF0B6751CB4E7A5008B30E9 /* OC-内存管理（对象所有权） */;
			productType = "com.apple.product-type.tool";
		};
/* End PBXNativeTarget section */

/* Begin PBXProject section */
		CCF0B66D1CB4E7A5008B30E9 /* Project object */ = {
			isa = PBXProject;
			attributes = {
				LastUpgradeCheck = 0710;
				ORGANIZATIONNAME = qingyun;
				TargetAttributes = {
					CCF0B6741CB4E7A5008B30E9 = {
						CreatedOnToolsVersion = 7.1.1;
					};
				};
			};
			buildConfigurationList = CCF0B6701CB4E7A5008B30E9 /* Build configuration list for PBXProject "OC-内存管理（对象所有权）" */;
			compatibilityVersion = "Xcode 3.2";
			developmentRegion = English;
			hasScannedForEncodings = 0;
			knownRegions = (
				en,
			);
			mainGroup = CCF0B66C1CB4E7A5008B30E9;
			productRefGroup = CCF0B6761CB4E7A5008B30E9 /* Products */;
			projectDirPath = "";
			projectRoot = "";
			targets = (
				CCF0B6741CB4E7A5008B30E9 /* OC-内存管理（对象所有权） */,
			);
		};
/* End PBXProject section */

/* Begin PBXSourcesBuildPhase section */
		CCF0B6711CB4E7A5008B30E9 /* Sources */ = {
			isa = PBXSourcesBuildPhase;
			buildActionMask = 2147483647;
			files = (
				CCF0B6811CB4E88A008B30E9 /* Car.m in Sources */,
				CCF0B6841CB4E891008B30E9 /* Tire.m in Sources */,
				CCF0B6791CB4E7A5008B30E9 /* main.m in Sources */,
			);
			runOnlyForDeploymentPostprocessing = 0;
		};
/* End PBXSourcesBuildPhase section */

/* Begin XCBuildConfiguration section */
		CCF0B67A1CB4E7A5008B30E9 /* Debug */ = {
			isa = XCBuildConfiguration;
			buildSettings = {
				ALWAYS_SEARCH_USER_PATHS = NO;
				CLANG_CXX_LANGUAGE_STANDARD = "gnu++0x";
				CLANG_CXX_LIBRARY = "libc++";
				CLANG_ENABLE_MODULES = YES;
				CLANG_ENABLE_OBJC_ARC = YES;
				CLANG_WARN_BOOL_CONVERSION = YES;
				CLANG_WARN_CONSTANT_CONVERSION = YES;
				CLANG_WARN_DIRECT_OBJC_ISA_USAGE = YES_ERROR;
				CLANG_WARN_EMPTY_BODY = YES;
				CLANG_WARN_ENUM_CONVERSION = YES;
				CLANG_WARN_INT_CONVERSION = YES;
				CLANG_WARN_OBJC_ROOT_CLASS = YES_ERROR;
				CLANG_WARN_UNREACHABLE_CODE = YES;
				CLANG_WARN__DUPLICATE_METHOD_MATCH = YES;
				CODE_SIGN_IDENTITY = "-";
				COPY_PHASE_STRIP = NO;
				DEBUG_INFORMATION_FORMAT = dwarf;
				ENABLE_STRICT_OBJC_MSGSEND = YES;
				ENABLE_TESTABILITY = YES;
				GCC_C_LANGUAGE_STANDARD = gnu99;
				GCC_DYNAMIC_NO_PIC = NO;
				GCC_NO_COMMON_BLOCKS = YES;
				GCC_OPTIMIZATION_LEVEL = 0;
				GCC_PREPROCESSOR_DEFINITIONS = (
					"DEBUG=1",
					"$(inherited)",
				);
				GCC_WARN_64_TO_32_BIT_CONVERSION = YES;
				GCC_WARN_ABOUT_RETURN_TYPE = YES_ERROR;
				GCC_WARN_UNDECLARED_SELECTOR = YES;
				GCC_WARN_UNINITIALIZED_AUTOS = YES_AGGRESSIVE;
				GCC_WARN_UNUSED_FUNCTION = YES;
				GCC_WARN_UNUSED_VARIABLE = YES;
				MACOSX_DEPLOYMENT_TARGET = 10.11;
				MTL_ENABLE_DEBUG_INFO = YES;
				ONLY_ACTIVE_ARCH = YES;
				SDKROOT = macosx;
			};
			name = Debug;
		};
		CCF0B67B1CB4E7A5008B30E9 /* Release */ = {
			isa = XCBuildConfiguration;
			buildSettings = {
				ALWAYS_SEARCH_USER_PATHS = NO;
				CLANG_CXX_LANGUAGE_STANDARD = "gnu++0x";
				CLANG_CXX_LIBRARY = "libc++";
				CLANG_ENABLE_MODULES = YES;
				CLANG_ENABLE_OBJC_ARC = YES;
				CLANG_WARN_BOOL_CONVERSION = YES;
				CLANG_WARN_CONSTANT_CONVERSION = YES;
				CLANG_WARN_DIRECT_OBJC_ISA_USAGE = YES_ERROR;
				CLANG_WARN_EMPTY_BODY = YES;
				CLANG_WARN_ENUM_CONVERSION = YES;
				CLANG_WARN_INT_CONVERSION = YES;
				CLANG_WARN_OBJC_ROOT_CLASS = YES_ERROR;
				CLANG_WARN_UNREACHABLE_CODE = YES;
				CLANG_WARN__DUPLICATE_METHOD_MATCH = YES;
				CODE_SIGN_IDENTITY = "-";
				COPY_PHASE_STRIP = NO;
				DEBUG_INFORMATION_FORMAT = "dwarf-with-dsym";
				ENABLE_NS_ASSERTIONS = NO;
				ENABLE_STRICT_OBJC_MSGSEND = YES;
				GCC_C_LANGUAGE_STANDARD = gnu99;
				GCC_NO_COMMON_BLOCKS = YES;
				GCC_WARN_64_TO_32_BIT_CONVERSION = YES;
				GCC_WARN_ABOUT_RETURN_TYPE = YES_ERROR;
				GCC_WARN_UNDECLARED_SELECTOR = YES;
				GCC_WARN_UNINITIALIZED_AUTOS = YES_AGGRESSIVE;
				GCC_WARN_UNUSED_FUNCTION = YES;
				GCC_WARN_UNUSED_VARIABLE = YES;
				MACOSX_DEPLOYMENT_TARGET = 10.11;
				MTL_ENABLE_DEBUG_INFO = NO;
				SDKROOT = macosx;
			};
			name = Release;
		};
		CCF0B67D1CB4E7A5008B30E9 /* Debug */ = {
			isa = XCBuildConfiguration;
			buildSettings = {
				CLANG_ENABLE_OBJC_ARC = NO;
				PRODUCT_NAME = "$(TARGET_NAME)";
			};
			name = Debug;
		};
		CCF0B67E1CB4E7A5008B30E9 /* Release */ = {
			isa = XCBuildConfiguration;
			buildSettings = {
				CLANG_ENABLE_OBJC_ARC = NO;
				PRODUCT_NAME = "$(TARGET_NAME)";
			};
			name = Release;
		};
/* End XCBuildConfiguration section */

/* Begin XCConfigurationList section */
		CCF0B6701CB4E7A5008B30E9 /* Build configuration list for PBXProject "OC-内存管理（对象所有权）" */ = {
			isa = XCConfigurationList;
			buildConfigurations = (
				CCF0B67A1CB4E7A5008B30E9 /* Debug */,
				CCF0B67B1CB4E7A5008B30E9 /* Release */,
			);
			defaultConfigurationIsVisible = 0;
			defaultConfigurationName = Release;
		};
		CCF0B67C1CB4E7A5008B30E9 /* Build configuration list for PBXNativeTarget "OC-内存管理（对象所有权）" */ = {
			isa = XCConfigurationList;
			buildConfigurations = (
				CCF0B67D1CB4E7A5008B30E9 /* Debug */,
				CCF0B67E1CB4E7A5008B30E9 /* Release */,
			);
			defaultConfigurationIsVisible = 0;
			defaultConfigurationName = Release;
		};
/* End XCConfigurationList section */
	};
	rootObject = CCF0B66D1CB4E7A5008B30E9 /* Project object */;
}
